// !$*UTF8*$!
{
	archiveVersion = 1;
	classes = {
	};
	objectVersion = 50;
	objects = {

/* Begin PBXBuildFile section */
		D14A257320EEB1A40022D9F7 /* AppDelegate.swift in Sources */ = {isa = PBXBuildFile; fileRef = D14A257220EEB1A40022D9F7 /* AppDelegate.swift */; };
		D14A257820EEB1A40022D9F7 /* Main.storyboard in Resources */ = {isa = PBXBuildFile; fileRef = D14A257620EEB1A40022D9F7 /* Main.storyboard */; };
		D14A257A20EEB1A50022D9F7 /* Assets.xcassets in Resources */ = {isa = PBXBuildFile; fileRef = D14A257920EEB1A50022D9F7 /* Assets.xcassets */; };
		D14A257D20EEB1A50022D9F7 /* LaunchScreen.storyboard in Resources */ = {isa = PBXBuildFile; fileRef = D14A257B20EEB1A50022D9F7 /* LaunchScreen.storyboard */; };
		D14A258520EEBC130022D9F7 /* DrinkDetailViewController.swift in Sources */ = {isa = PBXBuildFile; fileRef = D14A258420EEBC130022D9F7 /* DrinkDetailViewController.swift */; };
		D14A258720EEBC6D0022D9F7 /* DrinkListTableViewController.swift in Sources */ = {isa = PBXBuildFile; fileRef = D14A258620EEBC6D0022D9F7 /* DrinkListTableViewController.swift */; };
		D14A258920EEBC9D0022D9F7 /* MenuTableViewController.swift in Sources */ = {isa = PBXBuildFile; fileRef = D14A258820EEBC9D0022D9F7 /* MenuTableViewController.swift */; };
		D14A258C20EEBD420022D9F7 /* EditDrinkTableViewController.swift in Sources */ = {isa = PBXBuildFile; fileRef = D14A258B20EEBD420022D9F7 /* EditDrinkTableViewController.swift */; };
		D14A258F20EECA590022D9F7 /* MenuController.swift in Sources */ = {isa = PBXBuildFile; fileRef = D14A258E20EECA590022D9F7 /* MenuController.swift */; };
		D14A259120F155CF0022D9F7 /* ModelController.swift in Sources */ = {isa = PBXBuildFile; fileRef = D14A259020F155CF0022D9F7 /* ModelController.swift */; };
		D14A259320F19E8A0022D9F7 /* MenuSelectionDelegate.swift in Sources */ = {isa = PBXBuildFile; fileRef = D14A259220F19E8A0022D9F7 /* MenuSelectionDelegate.swift */; };
		D14A25B820F2BA5F0022D9F7 /* Drink.swift in Sources */ = {isa = PBXBuildFile; fileRef = D14A25B720F2BA5F0022D9F7 /* Drink.swift */; };
		D1565A1F2102D08C00A8E5C1 /* EditDrinkDelegate.swift in Sources */ = {isa = PBXBuildFile; fileRef = D1565A1E2102D08C00A8E5C1 /* EditDrinkDelegate.swift */; };
		D17C7A6521250A4200986A52 /* ImageController.swift in Sources */ = {isa = PBXBuildFile; fileRef = D17C7A6421250A4200986A52 /* ImageController.swift */; };
		D1A31DBF210570FB00A3B0E6 /* DrinkViewDelegate.swift in Sources */ = {isa = PBXBuildFile; fileRef = D1A31DBE210570FB00A3B0E6 /* DrinkViewDelegate.swift */; };
		D1A31DC4210C123600A3B0E6 /* DrinkTableViewCell.swift in Sources */ = {isa = PBXBuildFile; fileRef = D1A31DC3210C123600A3B0E6 /* DrinkTableViewCell.swift */; };
		D1A31DF9210FEF7C00A3B0E6 /* UserPreferencesController.swift in Sources */ = {isa = PBXBuildFile; fileRef = D1A31DF8210FEF7C00A3B0E6 /* UserPreferencesController.swift */; };
		D1B44A2A2128CBDF00F00604 /* ImageObject.swift in Sources */ = {isa = PBXBuildFile; fileRef = D1B44A292128CBDF00F00604 /* ImageObject.swift */; };
		D1F696E52114DDF50085266E /* Cellaret.xcdatamodeld in Sources */ = {isa = PBXBuildFile; fileRef = D1F696E32114DDF50085266E /* Cellaret.xcdatamodeld */; };
/* End PBXBuildFile section */

/* Begin PBXFileReference section */
		D14A256F20EEB1A40022D9F7 /* Cellaret.app */ = {isa = PBXFileReference; explicitFileType = wrapper.application; includeInIndex = 0; path = Cellaret.app; sourceTree = BUILT_PRODUCTS_DIR; };
		D14A257220EEB1A40022D9F7 /* AppDelegate.swift */ = {isa = PBXFileReference; lastKnownFileType = sourcecode.swift; path = AppDelegate.swift; sourceTree = "<group>"; };
		D14A257720EEB1A40022D9F7 /* Base */ = {isa = PBXFileReference; lastKnownFileType = file.storyboard; name = Base; path = Base.lproj/Main.storyboard; sourceTree = "<group>"; };
		D14A257920EEB1A50022D9F7 /* Assets.xcassets */ = {isa = PBXFileReference; lastKnownFileType = folder.assetcatalog; path = Assets.xcassets; sourceTree = "<group>"; };
		D14A257C20EEB1A50022D9F7 /* Base */ = {isa = PBXFileReference; lastKnownFileType = file.storyboard; name = Base; path = Base.lproj/LaunchScreen.storyboard; sourceTree = "<group>"; };
		D14A257E20EEB1A50022D9F7 /* Info.plist */ = {isa = PBXFileReference; lastKnownFileType = text.plist.xml; path = Info.plist; sourceTree = "<group>"; };
		D14A258420EEBC130022D9F7 /* DrinkDetailViewController.swift */ = {isa = PBXFileReference; lastKnownFileType = sourcecode.swift; path = DrinkDetailViewController.swift; sourceTree = "<group>"; };
		D14A258620EEBC6D0022D9F7 /* DrinkListTableViewController.swift */ = {isa = PBXFileReference; lastKnownFileType = sourcecode.swift; path = DrinkListTableViewController.swift; sourceTree = "<group>"; };
		D14A258820EEBC9D0022D9F7 /* MenuTableViewController.swift */ = {isa = PBXFileReference; lastKnownFileType = sourcecode.swift; path = MenuTableViewController.swift; sourceTree = "<group>"; };
		D14A258B20EEBD420022D9F7 /* EditDrinkTableViewController.swift */ = {isa = PBXFileReference; lastKnownFileType = sourcecode.swift; path = EditDrinkTableViewController.swift; sourceTree = "<group>"; };
		D14A258E20EECA590022D9F7 /* MenuController.swift */ = {isa = PBXFileReference; lastKnownFileType = sourcecode.swift; path = MenuController.swift; sourceTree = "<group>"; };
		D14A259020F155CF0022D9F7 /* ModelController.swift */ = {isa = PBXFileReference; lastKnownFileType = sourcecode.swift; path = ModelController.swift; sourceTree = "<group>"; };
		D14A259220F19E8A0022D9F7 /* MenuSelectionDelegate.swift */ = {isa = PBXFileReference; lastKnownFileType = sourcecode.swift; path = MenuSelectionDelegate.swift; sourceTree = "<group>"; };
		D14A25B720F2BA5F0022D9F7 /* Drink.swift */ = {isa = PBXFileReference; lastKnownFileType = sourcecode.swift; path = Drink.swift; sourceTree = "<group>"; };
		D1565A1E2102D08C00A8E5C1 /* EditDrinkDelegate.swift */ = {isa = PBXFileReference; lastKnownFileType = sourcecode.swift; path = EditDrinkDelegate.swift; sourceTree = "<group>"; };
		D17C7A6421250A4200986A52 /* ImageController.swift */ = {isa = PBXFileReference; lastKnownFileType = sourcecode.swift; path = ImageController.swift; sourceTree = "<group>"; };
		D1A31DBE210570FB00A3B0E6 /* DrinkViewDelegate.swift */ = {isa = PBXFileReference; lastKnownFileType = sourcecode.swift; path = DrinkViewDelegate.swift; sourceTree = "<group>"; };
		D1A31DC3210C123600A3B0E6 /* DrinkTableViewCell.swift */ = {isa = PBXFileReference; lastKnownFileType = sourcecode.swift; path = DrinkTableViewCell.swift; sourceTree = "<group>"; };
		D1A31DF8210FEF7C00A3B0E6 /* UserPreferencesController.swift */ = {isa = PBXFileReference; lastKnownFileType = sourcecode.swift; path = UserPreferencesController.swift; sourceTree = "<group>"; };
		D1B44A292128CBDF00F00604 /* ImageObject.swift */ = {isa = PBXFileReference; lastKnownFileType = sourcecode.swift; path = ImageObject.swift; sourceTree = "<group>"; };
		D1F696E42114DDF50085266E /* Cellaret.xcdatamodel */ = {isa = PBXFileReference; lastKnownFileType = wrapper.xcdatamodel; path = Cellaret.xcdatamodel; sourceTree = "<group>"; };
/* End PBXFileReference section */

/* Begin PBXFrameworksBuildPhase section */
		D14A256C20EEB1A40022D9F7 /* Frameworks */ = {
			isa = PBXFrameworksBuildPhase;
			buildActionMask = 2147483647;
			files = (
			);
			runOnlyForDeploymentPostprocessing = 0;
		};
/* End PBXFrameworksBuildPhase section */

/* Begin PBXGroup section */
		D14A256620EEB1A40022D9F7 = {
			isa = PBXGroup;
			children = (
				D14A257120EEB1A40022D9F7 /* Cellaret */,
				D14A257020EEB1A40022D9F7 /* Products */,
			);
			sourceTree = "<group>";
		};
		D14A257020EEB1A40022D9F7 /* Products */ = {
			isa = PBXGroup;
			children = (
				D14A256F20EEB1A40022D9F7 /* Cellaret.app */,
			);
			name = Products;
			sourceTree = "<group>";
		};
		D14A257120EEB1A40022D9F7 /* Cellaret */ = {
			isa = PBXGroup;
			children = (
				D14A257220EEB1A40022D9F7 /* AppDelegate.swift */,
				D14A258D20EEBE0D0022D9F7 /* Model */,
				D1A31DF7210FEF4600A3B0E6 /* Other Controllers */,
				D14A25B620F286BA0022D9F7 /* Protocols */,
				D14A257620EEB1A40022D9F7 /* Main.storyboard */,
				D14A258A20EEBCFC0022D9F7 /* ViewControllers */,
				D1A31DC0210C0FA500A3B0E6 /* Cells */,
				D14A257920EEB1A50022D9F7 /* Assets.xcassets */,
				D1F696E32114DDF50085266E /* Cellaret.xcdatamodeld */,
				D14A257B20EEB1A50022D9F7 /* LaunchScreen.storyboard */,
				D14A257E20EEB1A50022D9F7 /* Info.plist */,
			);
			path = Cellaret;
			sourceTree = "<group>";
		};
		D14A258A20EEBCFC0022D9F7 /* ViewControllers */ = {
			isa = PBXGroup;
			children = (
				D14A258620EEBC6D0022D9F7 /* DrinkListTableViewController.swift */,
				D14A258820EEBC9D0022D9F7 /* MenuTableViewController.swift */,
				D14A258420EEBC130022D9F7 /* DrinkDetailViewController.swift */,
				D14A258B20EEBD420022D9F7 /* EditDrinkTableViewController.swift */,
			);
			path = ViewControllers;
			sourceTree = "<group>";
		};
		D14A258D20EEBE0D0022D9F7 /* Model */ = {
			isa = PBXGroup;
			children = (
				D14A25B720F2BA5F0022D9F7 /* Drink.swift */,
				D1B44A292128CBDF00F00604 /* ImageObject.swift */,
			);
			path = Model;
			sourceTree = "<group>";
		};
		D14A25B620F286BA0022D9F7 /* Protocols */ = {
			isa = PBXGroup;
			children = (
				D14A259220F19E8A0022D9F7 /* MenuSelectionDelegate.swift */,
				D1565A1E2102D08C00A8E5C1 /* EditDrinkDelegate.swift */,
				D1A31DBE210570FB00A3B0E6 /* DrinkViewDelegate.swift */,
			);
			path = Protocols;
			sourceTree = "<group>";
		};
		D1A31DC0210C0FA500A3B0E6 /* Cells */ = {
			isa = PBXGroup;
			children = (
				D1A31DC3210C123600A3B0E6 /* DrinkTableViewCell.swift */,
			);
			path = Cells;
			sourceTree = "<group>";
		};
		D1A31DF7210FEF4600A3B0E6 /* Other Controllers */ = {
			isa = PBXGroup;
			children = (
				D14A258E20EECA590022D9F7 /* MenuController.swift */,
				D14A259020F155CF0022D9F7 /* ModelController.swift */,
				D1A31DF8210FEF7C00A3B0E6 /* UserPreferencesController.swift */,
				D17C7A6421250A4200986A52 /* ImageController.swift */,
			);
			path = "Other Controllers";
			sourceTree = "<group>";
		};
/* End PBXGroup section */

/* Begin PBXNativeTarget section */
		D14A256E20EEB1A40022D9F7 /* Cellaret */ = {
			isa = PBXNativeTarget;
			buildConfigurationList = D14A258120EEB1A50022D9F7 /* Build configuration list for PBXNativeTarget "Cellaret" */;
			buildPhases = (
				D14A256B20EEB1A40022D9F7 /* Sources */,
				D14A256C20EEB1A40022D9F7 /* Frameworks */,
				D14A256D20EEB1A40022D9F7 /* Resources */,
			);
			buildRules = (
			);
			dependencies = (
			);
			name = Cellaret;
			productName = Cellaret;
			productReference = D14A256F20EEB1A40022D9F7 /* Cellaret.app */;
			productType = "com.apple.product-type.application";
		};
/* End PBXNativeTarget section */

/* Begin PBXProject section */
		D14A256720EEB1A40022D9F7 /* Project object */ = {
			isa = PBXProject;
			attributes = {
				LastSwiftUpdateCheck = 0940;
				LastUpgradeCheck = 0940;
				ORGANIZATIONNAME = "Nick Murphy";
				TargetAttributes = {
					D14A256E20EEB1A40022D9F7 = {
						CreatedOnToolsVersion = 9.4.1;
					};
				};
			};
			buildConfigurationList = D14A256A20EEB1A40022D9F7 /* Build configuration list for PBXProject "Cellaret" */;
			compatibilityVersion = "Xcode 9.3";
			developmentRegion = en;
			hasScannedForEncodings = 0;
			knownRegions = (
				en,
				Base,
			);
			mainGroup = D14A256620EEB1A40022D9F7;
			productRefGroup = D14A257020EEB1A40022D9F7 /* Products */;
			projectDirPath = "";
			projectRoot = "";
			targets = (
				D14A256E20EEB1A40022D9F7 /* Cellaret */,
			);
		};
/* End PBXProject section */

/* Begin PBXResourcesBuildPhase section */
		D14A256D20EEB1A40022D9F7 /* Resources */ = {
			isa = PBXResourcesBuildPhase;
			buildActionMask = 2147483647;
			files = (
				D14A257D20EEB1A50022D9F7 /* LaunchScreen.storyboard in Resources */,
				D14A257A20EEB1A50022D9F7 /* Assets.xcassets in Resources */,
				D14A257820EEB1A40022D9F7 /* Main.storyboard in Resources */,
			);
			runOnlyForDeploymentPostprocessing = 0;
		};
/* End PBXResourcesBuildPhase section */

/* Begin PBXSourcesBuildPhase section */
		D14A256B20EEB1A40022D9F7 /* Sources */ = {
			isa = PBXSourcesBuildPhase;
			buildActionMask = 2147483647;
			files = (
				D14A258920EEBC9D0022D9F7 /* MenuTableViewController.swift in Sources */,
				D14A25B820F2BA5F0022D9F7 /* Drink.swift in Sources */,
				D1A31DBF210570FB00A3B0E6 /* DrinkViewDelegate.swift in Sources */,
				D1F696E52114DDF50085266E /* Cellaret.xcdatamodeld in Sources */,
				D14A258520EEBC130022D9F7 /* DrinkDetailViewController.swift in Sources */,
				D17C7A6521250A4200986A52 /* ImageController.swift in Sources */,
				D1B44A2A2128CBDF00F00604 /* ImageObject.swift in Sources */,
				D14A257320EEB1A40022D9F7 /* AppDelegate.swift in Sources */,
				D1A31DF9210FEF7C00A3B0E6 /* UserPreferencesController.swift in Sources */,
				D14A258F20EECA590022D9F7 /* MenuController.swift in Sources */,
				D14A259320F19E8A0022D9F7 /* MenuSelectionDelegate.swift in Sources */,
				D14A258C20EEBD420022D9F7 /* EditDrinkTableViewController.swift in Sources */,
				D1565A1F2102D08C00A8E5C1 /* EditDrinkDelegate.swift in Sources */,
				D14A259120F155CF0022D9F7 /* ModelController.swift in Sources */,
				D1A31DC4210C123600A3B0E6 /* DrinkTableViewCell.swift in Sources */,
				D14A258720EEBC6D0022D9F7 /* DrinkListTableViewController.swift in Sources */,
			);
			runOnlyForDeploymentPostprocessing = 0;
		};
/* End PBXSourcesBuildPhase section */

/* Begin PBXVariantGroup section */
		D14A257620EEB1A40022D9F7 /* Main.storyboard */ = {
			isa = PBXVariantGroup;
			children = (
				D14A257720EEB1A40022D9F7 /* Base */,
			);
			name = Main.storyboard;
			sourceTree = "<group>";
		};
		D14A257B20EEB1A50022D9F7 /* LaunchScreen.storyboard */ = {
			isa = PBXVariantGroup;
			children = (
				D14A257C20EEB1A50022D9F7 /* Base */,
			);
			name = LaunchScreen.storyboard;
			sourceTree = "<group>";
		};
/* End PBXVariantGroup section */

/* Begin XCBuildConfiguration section */
		D14A257F20EEB1A50022D9F7 /* Debug */ = {
			isa = XCBuildConfiguration;
			buildSettings = {
				ALWAYS_SEARCH_USER_PATHS = NO;
				CLANG_ANALYZER_NONNULL = YES;
				CLANG_ANALYZER_NUMBER_OBJECT_CONVERSION = YES_AGGRESSIVE;
				CLANG_CXX_LANGUAGE_STANDARD = "gnu++14";
				CLANG_CXX_LIBRARY = "libc++";
				CLANG_ENABLE_MODULES = YES;
				CLANG_ENABLE_OBJC_ARC = YES;
				CLANG_ENABLE_OBJC_WEAK = YES;
				CLANG_WARN_BLOCK_CAPTURE_AUTORELEASING = YES;
				CLANG_WARN_BOOL_CONVERSION = YES;
				CLANG_WARN_COMMA = YES;
				CLANG_WARN_CONSTANT_CONVERSION = YES;
				CLANG_WARN_DEPRECATED_OBJC_IMPLEMENTATIONS = YES;
				CLANG_WARN_DIRECT_OBJC_ISA_USAGE = YES_ERROR;
				CLANG_WARN_DOCUMENTATION_COMMENTS = YES;
				CLANG_WARN_EMPTY_BODY = YES;
				CLANG_WARN_ENUM_CONVERSION = YES;
				CLANG_WARN_INFINITE_RECURSION = YES;
				CLANG_WARN_INT_CONVERSION = YES;
				CLANG_WARN_NON_LITERAL_NULL_CONVERSION = YES;
				CLANG_WARN_OBJC_IMPLICIT_RETAIN_SELF = YES;
				CLANG_WARN_OBJC_LITERAL_CONVERSION = YES;
				CLANG_WARN_OBJC_ROOT_CLASS = YES_ERROR;
				CLANG_WARN_RANGE_LOOP_ANALYSIS = YES;
				CLANG_WARN_STRICT_PROTOTYPES = YES;
				CLANG_WARN_SUSPICIOUS_MOVE = YES;
				CLANG_WARN_UNGUARDED_AVAILABILITY = YES_AGGRESSIVE;
				CLANG_WARN_UNREACHABLE_CODE = YES;
				CLANG_WARN__DUPLICATE_METHOD_MATCH = YES;
				CODE_SIGN_IDENTITY = "iPhone Developer";
				COPY_PHASE_STRIP = NO;
				DEBUG_INFORMATION_FORMAT = dwarf;
				ENABLE_STRICT_OBJC_MSGSEND = YES;
				ENABLE_TESTABILITY = YES;
				GCC_C_LANGUAGE_STANDARD = gnu11;
				GCC_DYNAMIC_NO_PIC = NO;
				GCC_NO_COMMON_BLOCKS = YES;
				GCC_OPTIMIZATION_LEVEL = 0;
				GCC_PREPROCESSOR_DEFINITIONS = (
					"DEBUG=1",
					"$(inherited)",
				);
				GCC_WARN_64_TO_32_BIT_CONVERSION = YES;
				GCC_WARN_ABOUT_RETURN_TYPE = YES_ERROR;
				GCC_WARN_UNDECLARED_SELECTOR = YES;
				GCC_WARN_UNINITIALIZED_AUTOS = YES_AGGRESSIVE;
				GCC_WARN_UNUSED_FUNCTION = YES;
				GCC_WARN_UNUSED_VARIABLE = YES;
				IPHONEOS_DEPLOYMENT_TARGET = 11.4;
				MTL_ENABLE_DEBUG_INFO = YES;
				ONLY_ACTIVE_ARCH = YES;
				SDKROOT = iphoneos;
				SWIFT_ACTIVE_COMPILATION_CONDITIONS = DEBUG;
				SWIFT_OPTIMIZATION_LEVEL = "-Onone";
			};
			name = Debug;
		};
		D14A258020EEB1A50022D9F7 /* Release */ = {
			isa = XCBuildConfiguration;
			buildSettings = {
				ALWAYS_SEARCH_USER_PATHS = NO;
				CLANG_ANALYZER_NONNULL = YES;
				CLANG_ANALYZER_NUMBER_OBJECT_CONVERSION = YES_AGGRESSIVE;
				CLANG_CXX_LANGUAGE_STANDARD = "gnu++14";
				CLANG_CXX_LIBRARY = "libc++";
				CLANG_ENABLE_MODULES = YES;
				CLANG_ENABLE_OBJC_ARC = YES;
				CLANG_ENABLE_OBJC_WEAK = YES;
				CLANG_WARN_BLOCK_CAPTURE_AUTORELEASING = YES;
				CLANG_WARN_BOOL_CONVERSION = YES;
				CLANG_WARN_COMMA = YES;
				CLANG_WARN_CONSTANT_CONVERSION = YES;
				CLANG_WARN_DEPRECATED_OBJC_IMPLEMENTATIONS = YES;
				CLANG_WARN_DIRECT_OBJC_ISA_USAGE = YES_ERROR;
				CLANG_WARN_DOCUMENTATION_COMMENTS = YES;
				CLANG_WARN_EMPTY_BODY = YES;
				CLANG_WARN_ENUM_CONVERSION = YES;
				CLANG_WARN_INFINITE_RECURSION = YES;
				CLANG_WARN_INT_CONVERSION = YES;
				CLANG_WARN_NON_LITERAL_NULL_CONVERSION = YES;
				CLANG_WARN_OBJC_IMPLICIT_RETAIN_SELF = YES;
				CLANG_WARN_OBJC_LITERAL_CONVERSION = YES;
				CLANG_WARN_OBJC_ROOT_CLASS = YES_ERROR;
				CLANG_WARN_RANGE_LOOP_ANALYSIS = YES;
				CLANG_WARN_STRICT_PROTOTYPES = YES;
				CLANG_WARN_SUSPICIOUS_MOVE = YES;
				CLANG_WARN_UNGUARDED_AVAILABILITY = YES_AGGRESSIVE;
				CLANG_WARN_UNREACHABLE_CODE = YES;
				CLANG_WARN__DUPLICATE_METHOD_MATCH = YES;
				CODE_SIGN_IDENTITY = "iPhone Developer";
				COPY_PHASE_STRIP = NO;
				DEBUG_INFORMATION_FORMAT = "dwarf-with-dsym";
				ENABLE_NS_ASSERTIONS = NO;
				ENABLE_STRICT_OBJC_MSGSEND = YES;
				GCC_C_LANGUAGE_STANDARD = gnu11;
				GCC_NO_COMMON_BLOCKS = YES;
				GCC_WARN_64_TO_32_BIT_CONVERSION = YES;
				GCC_WARN_ABOUT_RETURN_TYPE = YES_ERROR;
				GCC_WARN_UNDECLARED_SELECTOR = YES;
				GCC_WARN_UNINITIALIZED_AUTOS = YES_AGGRESSIVE;
				GCC_WARN_UNUSED_FUNCTION = YES;
				GCC_WARN_UNUSED_VARIABLE = YES;
				IPHONEOS_DEPLOYMENT_TARGET = 11.4;
				MTL_ENABLE_DEBUG_INFO = NO;
				SDKROOT = iphoneos;
				SWIFT_COMPILATION_MODE = wholemodule;
				SWIFT_OPTIMIZATION_LEVEL = "-O";
				VALIDATE_PRODUCT = YES;
			};
			name = Release;
		};
		D14A258220EEB1A50022D9F7 /* Debug */ = {
			isa = XCBuildConfiguration;
			buildSettings = {
				ASSETCATALOG_COMPILER_APPICON_NAME = AppIcon;
				CODE_SIGN_STYLE = Automatic;
				DEVELOPMENT_TEAM = 9XZS64KL8R;
				INFOPLIST_FILE = Cellaret/Info.plist;
				IPHONEOS_DEPLOYMENT_TARGET = 11.3;
				LD_RUNPATH_SEARCH_PATHS = (
					"$(inherited)",
					"@executable_path/Frameworks",
				);
				PRODUCT_BUNDLE_IDENTIFIER = org.nickmurphy.Cellaret;
				PRODUCT_NAME = "$(TARGET_NAME)";
				SWIFT_VERSION = 4.0;
				TARGETED_DEVICE_FAMILY = 1;
			};
			name = Debug;
		};
		D14A258320EEB1A50022D9F7 /* Release */ = {
			isa = XCBuildConfiguration;
			buildSettings = {
				ASSETCATALOG_COMPILER_APPICON_NAME = AppIcon;
				CODE_SIGN_STYLE = Automatic;
				DEVELOPMENT_TEAM = 9XZS64KL8R;
				INFOPLIST_FILE = Cellaret/Info.plist;
				IPHONEOS_DEPLOYMENT_TARGET = 11.3;
				LD_RUNPATH_SEARCH_PATHS = (
					"$(inherited)",
					"@executable_path/Frameworks",
				);
				PRODUCT_BUNDLE_IDENTIFIER = org.nickmurphy.Cellaret;
				PRODUCT_NAME = "$(TARGET_NAME)";
				SWIFT_VERSION = 4.0;
				TARGETED_DEVICE_FAMILY = 1;
			};
			name = Release;
		};
/* End XCBuildConfiguration section */

/* Begin XCConfigurationList section */
		D14A256A20EEB1A40022D9F7 /* Build configuration list for PBXProject "Cellaret" */ = {
			isa = XCConfigurationList;
			buildConfigurations = (
				D14A257F20EEB1A50022D9F7 /* Debug */,
				D14A258020EEB1A50022D9F7 /* Release */,
			);
			defaultConfigurationIsVisible = 0;
			defaultConfigurationName = Release;
		};
		D14A258120EEB1A50022D9F7 /* Build configuration list for PBXNativeTarget "Cellaret" */ = {
			isa = XCConfigurationList;
			buildConfigurations = (
				D14A258220EEB1A50022D9F7 /* Debug */,
				D14A258320EEB1A50022D9F7 /* Release */,
			);
			defaultConfigurationIsVisible = 0;
			defaultConfigurationName = Release;
		};
/* End XCConfigurationList section */

/* Begin XCVersionGroup section */
		D1F696E32114DDF50085266E /* Cellaret.xcdatamodeld */ = {
			isa = XCVersionGroup;
			children = (
				D1F696E42114DDF50085266E /* Cellaret.xcdatamodel */,
			);
			currentVersion = D1F696E42114DDF50085266E /* Cellaret.xcdatamodel */;
			path = Cellaret.xcdatamodeld;
			sourceTree = "<group>";
			versionGroupType = wrapper.xcdatamodel;
		};
/* End XCVersionGroup section */
	};
	rootObject = D14A256720EEB1A40022D9F7 /* Project object */;
}
